
Microsoft Visual Studio Solution File, Format Version 12.00
# Visual Studio Version 17
VisualStudioVersion = 17.1.32414.318
MinimumVisualStudioVersion = 10.0.40219.1
Project("{FAE04EC0-301F-11D3-BF4B-00C04F79EFBC}") = "GiuakiTh1", "GiuakiTh1\GiuakiTh1.csproj", "{CF3914C1-26D6-4A9E-A4FF-2F2E6A97DC58}"
EndProject
Global
	GlobalSection(SolutionConfigurationPlatforms) = preSolution
		Debug|Any CPU = Debug|Any CPU
		Release|Any CPU = Release|Any CPU
	EndGlobalSection
	GlobalSection(ProjectConfigurationPlatforms) = postSolution
		{CF3914C1-26D6-4A9E-A4FF-2F2E6A97DC58}.Debug|Any CPU.ActiveCfg = Debug|Any CPU
		{CF3914C1-26D6-4A9E-A4FF-2F2E6A97DC58}.Debug|Any CPU.Build.0 = Debug|Any CPU
		{CF3914C1-26D6-4A9E-A4FF-2F2E6A97DC58}.Release|Any CPU.ActiveCfg = Release|Any CPU
		{CF3914C1-26D6-4A9E-A4FF-2F2E6A97DC58}.Release|Any CPU.Build.0 = Release|Any CPU
	EndGlobalSection
	GlobalSection(SolutionProperties) = preSolution
		HideSolutionNode = FALSE
	EndGlobalSection
	GlobalSection(ExtensibilityGlobals) = postSolution
		SolutionGuid = {F5E61536-EA25-4D39-8A58-4311126A11CD}
	EndGlobalSection
EndGlobal
